
Microsoft Visual Studio Solution File, Format Version 12.00
# Visual Studio Version 17
VisualStudioVersion = 17.10.35027.167
MinimumVisualStudioVersion = 10.0.40219.1
Project("{9A19103F-16F7-4668-BE54-9A1E7A4F7556}") = "StateMachine", "StateMachine\StateMachine.csproj", "{854A29F2-058B-4D98-819B-6F72CB7A10F4}"
EndProject
Project("{2150E333-8FDC-42A3-9474-1A3956D46DE8}") = "Demo", "Demo", "{78E37597-4C51-40B9-915F-E820AE4EBCE2}"
EndProject
Project("{2150E333-8FDC-42A3-9474-1A3956D46DE8}") = "FSMImpl", "FSMImpl", "{1E5DB267-A0E4-410A-9EF0-C8309C721000}"
EndProject
Project("{FAE04EC0-301F-11D3-BF4B-00C04F79EFBC}") = "DemoNodes", "demos\DemoNodes\DemoNodes.csproj", "{EE934C5F-A75E-497F-9E00-68655B9EE291}"
EndProject
Project("{FAE04EC0-301F-11D3-BF4B-00C04F79EFBC}") = "FSMNodeAnalyzer", "FSMNodeAnalyzer\FSMNodeAnalyzer.csproj", "{A1B2C3D4-E5F6-7890-ABCD-EF1234567890}"
EndProject
Project("{FAE04EC0-301F-11D3-BF4B-00C04F79EFBC}") = "FSMNodeAnalyzerTest", "tests\FSMNodeAnalyzerTest\FSMNodeAnalyzerTest.csproj", "{B2C3D4E5-F6A7-8901-BCDE-F23456789012}"
EndProject
Project("{2150E333-8FDC-42A3-9474-1A3956D46DE8}") = "Analyzer", "Analyzer", "{02EA681E-C7D8-13C7-8484-4AC65E1B71E8}"
EndProject
Project("{2150E333-8FDC-42A3-9474-1A3956D46DE8}") = "Tests", "Tests", "{7A3B9C1D-8E2F-4A6B-9C5D-1E3F5A7B9C2E}"
EndProject
Project("{FAE04EC0-301F-11D3-BF4B-00C04F79EFBC}") = "FSMScriptAnalyzer", "FSMScriptAnalyzer\FSMScriptAnalyzer.csproj", "{C6654036-6DEA-7256-43A5-9025711D6485}"
EndProject
Project("{FAE04EC0-301F-11D3-BF4B-00C04F79EFBC}") = "FSMScriptAnalyzerTest", "tests\FSMScriptAnalyzerTest\FSMScriptAnalyzerTest.csproj", "{8DA2DA54-542C-5837-A27A-F4ADCE84B4FF}"
EndProject
Project("{FAE04EC0-301F-11D3-BF4B-00C04F79EFBC}") = "FSMDemo.API", "demos\FSMDemo.API\FSMDemo.API.csproj", "{C2902A23-5CB5-4FF1-8E5C-EB3FB0E07EF7}"
EndProject
Project("{FAE04EC0-301F-11D3-BF4B-00C04F79EFBC}") = "FSMDemo.Wasm", "demos\FSMDemo.Wasm\FSMDemo.Wasm.csproj", "{784DF525-41C0-4E2B-A198-245D1768812E}"
EndProject
Global
	GlobalSection(SolutionConfigurationPlatforms) = preSolution
		Debug|Any CPU = Debug|Any CPU
		Debug|x64 = Debug|x64
		Debug|x86 = Debug|x86
		Release|Any CPU = Release|Any CPU
		Release|x64 = Release|x64
		Release|x86 = Release|x86
	EndGlobalSection
	GlobalSection(ProjectConfigurationPlatforms) = postSolution
		{854A29F2-058B-4D98-819B-6F72CB7A10F4}.Debug|Any CPU.ActiveCfg = Debug|Any CPU
		{854A29F2-058B-4D98-819B-6F72CB7A10F4}.Debug|Any CPU.Build.0 = Debug|Any CPU
		{854A29F2-058B-4D98-819B-6F72CB7A10F4}.Debug|x64.ActiveCfg = Debug|Any CPU
		{854A29F2-058B-4D98-819B-6F72CB7A10F4}.Debug|x64.Build.0 = Debug|Any CPU
		{854A29F2-058B-4D98-819B-6F72CB7A10F4}.Debug|x86.ActiveCfg = Debug|Any CPU
		{854A29F2-058B-4D98-819B-6F72CB7A10F4}.Debug|x86.Build.0 = Debug|Any CPU
		{854A29F2-058B-4D98-819B-6F72CB7A10F4}.Release|Any CPU.ActiveCfg = Release|Any CPU
		{854A29F2-058B-4D98-819B-6F72CB7A10F4}.Release|Any CPU.Build.0 = Release|Any CPU
		{854A29F2-058B-4D98-819B-6F72CB7A10F4}.Release|x64.ActiveCfg = Release|Any CPU
		{854A29F2-058B-4D98-819B-6F72CB7A10F4}.Release|x64.Build.0 = Release|Any CPU
		{854A29F2-058B-4D98-819B-6F72CB7A10F4}.Release|x86.ActiveCfg = Release|Any CPU
		{854A29F2-058B-4D98-819B-6F72CB7A10F4}.Release|x86.Build.0 = Release|Any CPU
		{EE934C5F-A75E-497F-9E00-68655B9EE291}.Debug|Any CPU.ActiveCfg = Debug|Any CPU
		{EE934C5F-A75E-497F-9E00-68655B9EE291}.Debug|Any CPU.Build.0 = Debug|Any CPU
		{EE934C5F-A75E-497F-9E00-68655B9EE291}.Debug|x64.ActiveCfg = Debug|Any CPU
		{EE934C5F-A75E-497F-9E00-68655B9EE291}.Debug|x64.Build.0 = Debug|Any CPU
		{EE934C5F-A75E-497F-9E00-68655B9EE291}.Debug|x86.ActiveCfg = Debug|Any CPU
		{EE934C5F-A75E-497F-9E00-68655B9EE291}.Debug|x86.Build.0 = Debug|Any CPU
		{EE934C5F-A75E-497F-9E00-68655B9EE291}.Release|Any CPU.ActiveCfg = Release|Any CPU
		{EE934C5F-A75E-497F-9E00-68655B9EE291}.Release|Any CPU.Build.0 = Release|Any CPU
		{EE934C5F-A75E-497F-9E00-68655B9EE291}.Release|x64.ActiveCfg = Release|Any CPU
		{EE934C5F-A75E-497F-9E00-68655B9EE291}.Release|x64.Build.0 = Release|Any CPU
		{EE934C5F-A75E-497F-9E00-68655B9EE291}.Release|x86.ActiveCfg = Release|Any CPU
		{EE934C5F-A75E-497F-9E00-68655B9EE291}.Release|x86.Build.0 = Release|Any CPU
		{A1B2C3D4-E5F6-7890-ABCD-EF1234567890}.Debug|Any CPU.ActiveCfg = Debug|Any CPU
		{A1B2C3D4-E5F6-7890-ABCD-EF1234567890}.Debug|Any CPU.Build.0 = Debug|Any CPU
		{A1B2C3D4-E5F6-7890-ABCD-EF1234567890}.Debug|x64.ActiveCfg = Debug|Any CPU
		{A1B2C3D4-E5F6-7890-ABCD-EF1234567890}.Debug|x64.Build.0 = Debug|Any CPU
		{A1B2C3D4-E5F6-7890-ABCD-EF1234567890}.Debug|x86.ActiveCfg = Debug|Any CPU
		{A1B2C3D4-E5F6-7890-ABCD-EF1234567890}.Debug|x86.Build.0 = Debug|Any CPU
		{A1B2C3D4-E5F6-7890-ABCD-EF1234567890}.Release|Any CPU.ActiveCfg = Release|Any CPU
		{A1B2C3D4-E5F6-7890-ABCD-EF1234567890}.Release|Any CPU.Build.0 = Release|Any CPU
		{A1B2C3D4-E5F6-7890-ABCD-EF1234567890}.Release|x64.ActiveCfg = Release|Any CPU
		{A1B2C3D4-E5F6-7890-ABCD-EF1234567890}.Release|x64.Build.0 = Release|Any CPU
		{A1B2C3D4-E5F6-7890-ABCD-EF1234567890}.Release|x86.ActiveCfg = Release|Any CPU
		{A1B2C3D4-E5F6-7890-ABCD-EF1234567890}.Release|x86.Build.0 = Release|Any CPU
		{B2C3D4E5-F6A7-8901-BCDE-F23456789012}.Debug|Any CPU.ActiveCfg = Debug|Any CPU
		{B2C3D4E5-F6A7-8901-BCDE-F23456789012}.Debug|Any CPU.Build.0 = Debug|Any CPU
		{B2C3D4E5-F6A7-8901-BCDE-F23456789012}.Debug|x64.ActiveCfg = Debug|Any CPU
		{B2C3D4E5-F6A7-8901-BCDE-F23456789012}.Debug|x64.Build.0 = Debug|Any CPU
		{B2C3D4E5-F6A7-8901-BCDE-F23456789012}.Debug|x86.ActiveCfg = Debug|Any CPU
		{B2C3D4E5-F6A7-8901-BCDE-F23456789012}.Debug|x86.Build.0 = Debug|Any CPU
		{B2C3D4E5-F6A7-8901-BCDE-F23456789012}.Release|Any CPU.ActiveCfg = Release|Any CPU
		{B2C3D4E5-F6A7-8901-BCDE-F23456789012}.Release|Any CPU.Build.0 = Release|Any CPU
		{B2C3D4E5-F6A7-8901-BCDE-F23456789012}.Release|x64.ActiveCfg = Release|Any CPU
		{B2C3D4E5-F6A7-8901-BCDE-F23456789012}.Release|x64.Build.0 = Release|Any CPU
		{B2C3D4E5-F6A7-8901-BCDE-F23456789012}.Release|x86.ActiveCfg = Release|Any CPU
		{B2C3D4E5-F6A7-8901-BCDE-F23456789012}.Release|x86.Build.0 = Release|Any CPU
		{C6654036-6DEA-7256-43A5-9025711D6485}.Debug|Any CPU.ActiveCfg = Debug|Any CPU
		{C6654036-6DEA-7256-43A5-9025711D6485}.Debug|Any CPU.Build.0 = Debug|Any CPU
		{C6654036-6DEA-7256-43A5-9025711D6485}.Debug|x64.ActiveCfg = Debug|Any CPU
		{C6654036-6DEA-7256-43A5-9025711D6485}.Debug|x64.Build.0 = Debug|Any CPU
		{C6654036-6DEA-7256-43A5-9025711D6485}.Debug|x86.ActiveCfg = Debug|Any CPU
		{C6654036-6DEA-7256-43A5-9025711D6485}.Debug|x86.Build.0 = Debug|Any CPU
		{C6654036-6DEA-7256-43A5-9025711D6485}.Release|Any CPU.ActiveCfg = Release|Any CPU
		{C6654036-6DEA-7256-43A5-9025711D6485}.Release|Any CPU.Build.0 = Release|Any CPU
		{C6654036-6DEA-7256-43A5-9025711D6485}.Release|x64.ActiveCfg = Release|Any CPU
		{C6654036-6DEA-7256-43A5-9025711D6485}.Release|x64.Build.0 = Release|Any CPU
		{C6654036-6DEA-7256-43A5-9025711D6485}.Release|x86.ActiveCfg = Release|Any CPU
		{C6654036-6DEA-7256-43A5-9025711D6485}.Release|x86.Build.0 = Release|Any CPU
		{8DA2DA54-542C-5837-A27A-F4ADCE84B4FF}.Debug|Any CPU.ActiveCfg = Debug|Any CPU
		{8DA2DA54-542C-5837-A27A-F4ADCE84B4FF}.Debug|Any CPU.Build.0 = Debug|Any CPU
		{8DA2DA54-542C-5837-A27A-F4ADCE84B4FF}.Debug|x64.ActiveCfg = Debug|Any CPU
		{8DA2DA54-542C-5837-A27A-F4ADCE84B4FF}.Debug|x64.Build.0 = Debug|Any CPU
		{8DA2DA54-542C-5837-A27A-F4ADCE84B4FF}.Debug|x86.ActiveCfg = Debug|Any CPU
		{8DA2DA54-542C-5837-A27A-F4ADCE84B4FF}.Debug|x86.Build.0 = Debug|Any CPU
		{8DA2DA54-542C-5837-A27A-F4ADCE84B4FF}.Release|Any CPU.ActiveCfg = Release|Any CPU
		{8DA2DA54-542C-5837-A27A-F4ADCE84B4FF}.Release|Any CPU.Build.0 = Release|Any CPU
		{8DA2DA54-542C-5837-A27A-F4ADCE84B4FF}.Release|x64.ActiveCfg = Release|Any CPU
		{8DA2DA54-542C-5837-A27A-F4ADCE84B4FF}.Release|x64.Build.0 = Release|Any CPU
		{8DA2DA54-542C-5837-A27A-F4ADCE84B4FF}.Release|x86.ActiveCfg = Release|Any CPU
		{8DA2DA54-542C-5837-A27A-F4ADCE84B4FF}.Release|x86.Build.0 = Release|Any CPU
		{C2902A23-5CB5-4FF1-8E5C-EB3FB0E07EF7}.Debug|Any CPU.ActiveCfg = Debug|Any CPU
		{C2902A23-5CB5-4FF1-8E5C-EB3FB0E07EF7}.Debug|Any CPU.Build.0 = Debug|Any CPU
		{C2902A23-5CB5-4FF1-8E5C-EB3FB0E07EF7}.Debug|x64.ActiveCfg = Debug|Any CPU
		{C2902A23-5CB5-4FF1-8E5C-EB3FB0E07EF7}.Debug|x64.Build.0 = Debug|Any CPU
		{C2902A23-5CB5-4FF1-8E5C-EB3FB0E07EF7}.Debug|x86.ActiveCfg = Debug|Any CPU
		{C2902A23-5CB5-4FF1-8E5C-EB3FB0E07EF7}.Debug|x86.Build.0 = Debug|Any CPU
		{C2902A23-5CB5-4FF1-8E5C-EB3FB0E07EF7}.Release|Any CPU.ActiveCfg = Release|Any CPU
		{C2902A23-5CB5-4FF1-8E5C-EB3FB0E07EF7}.Release|Any CPU.Build.0 = Release|Any CPU
		{C2902A23-5CB5-4FF1-8E5C-EB3FB0E07EF7}.Release|x64.ActiveCfg = Release|Any CPU
		{C2902A23-5CB5-4FF1-8E5C-EB3FB0E07EF7}.Release|x64.Build.0 = Release|Any CPU
		{C2902A23-5CB5-4FF1-8E5C-EB3FB0E07EF7}.Release|x86.ActiveCfg = Release|Any CPU
		{C2902A23-5CB5-4FF1-8E5C-EB3FB0E07EF7}.Release|x86.Build.0 = Release|Any CPU
		{784DF525-41C0-4E2B-A198-245D1768812E}.Debug|Any CPU.ActiveCfg = Debug|Any CPU
		{784DF525-41C0-4E2B-A198-245D1768812E}.Debug|Any CPU.Build.0 = Debug|Any CPU
		{784DF525-41C0-4E2B-A198-245D1768812E}.Debug|x64.ActiveCfg = Debug|Any CPU
		{784DF525-41C0-4E2B-A198-245D1768812E}.Debug|x64.Build.0 = Debug|Any CPU
		{784DF525-41C0-4E2B-A198-245D1768812E}.Debug|x86.ActiveCfg = Debug|Any CPU
		{784DF525-41C0-4E2B-A198-245D1768812E}.Debug|x86.Build.0 = Debug|Any CPU
		{784DF525-41C0-4E2B-A198-245D1768812E}.Release|Any CPU.ActiveCfg = Release|Any CPU
		{784DF525-41C0-4E2B-A198-245D1768812E}.Release|Any CPU.Build.0 = Release|Any CPU
		{784DF525-41C0-4E2B-A198-245D1768812E}.Release|x64.ActiveCfg = Release|Any CPU
		{784DF525-41C0-4E2B-A198-245D1768812E}.Release|x64.Build.0 = Release|Any CPU
		{784DF525-41C0-4E2B-A198-245D1768812E}.Release|x86.ActiveCfg = Release|Any CPU
		{784DF525-41C0-4E2B-A198-245D1768812E}.Release|x86.Build.0 = Release|Any CPU
	EndGlobalSection
	GlobalSection(SolutionProperties) = preSolution
		HideSolutionNode = FALSE
	EndGlobalSection
	GlobalSection(NestedProjects) = preSolution
		{854A29F2-058B-4D98-819B-6F72CB7A10F4} = {1E5DB267-A0E4-410A-9EF0-C8309C721000}
		{EE934C5F-A75E-497F-9E00-68655B9EE291} = {78E37597-4C51-40B9-915F-E820AE4EBCE2}
		{C2902A23-5CB5-4FF1-8E5C-EB3FB0E07EF7} = {78E37597-4C51-40B9-915F-E820AE4EBCE2}
		{784DF525-41C0-4E2B-A198-245D1768812E} = {78E37597-4C51-40B9-915F-E820AE4EBCE2}
		{A1B2C3D4-E5F6-7890-ABCD-EF1234567890} = {02EA681E-C7D8-13C7-8484-4AC65E1B71E8}
		{B2C3D4E5-F6A7-8901-BCDE-F23456789012} = {7A3B9C1D-8E2F-4A6B-9C5D-1E3F5A7B9C2E}
		{C6654036-6DEA-7256-43A5-9025711D6485} = {02EA681E-C7D8-13C7-8484-4AC65E1B71E8}
		{8DA2DA54-542C-5837-A27A-F4ADCE84B4FF} = {7A3B9C1D-8E2F-4A6B-9C5D-1E3F5A7B9C2E}
	EndGlobalSection
	GlobalSection(ExtensibilityGlobals) = postSolution
		SolutionGuid = {AF73E11D-B0BB-4494-9B79-025687E834AB}
	EndGlobalSection
EndGlobal
